dependencies:
  espressif/led_strip:
    component_hash: 28c6509a727ef74925b372ed404772aeedf11cce10b78c3f69b3c66799095e2d
    dependencies:
    - name: idf
      registry_url: https://components.espressif.com
      require: private
      version: '>=4.4'
    source:
      registry_url: https://components.espressif.com/
      type: service
    version: 2.5.5
  idf:
    source:
      type: idf
    version: 5.3.1
direct_dependencies:
- espressif/led_strip
- idf
manifest_hash: 8ca6b9ca985cba646a20ad847c9cc719ce2caf17fa61190911222705b497e490
target: esp32s3
version: 2.0.0
